// !$*UTF8*$!
{
	archiveVersion = 1;
	classes = {
	};
	objectVersion = 77;
	objects = {

/* Begin PBXBuildFile section */
		C81D295E2DEBA84200193F82 /* Readme.md in Resources */ = {isa = PBXBuildFile; fileRef = C81D295D2DEBA83300193F82 /* Readme.md */; };
/* End PBXBuildFile section */

/* Begin PBXContainerItemProxy section */
		C875C8422DE251AB000E7AC9 /* PBXContainerItemProxy */ = {
			isa = PBXContainerItemProxy;
			containerPortal = C875C82C2DE251A9000E7AC9 /* Project object */;
			proxyType = 1;
			remoteGlobalIDString = C875C8332DE251A9000E7AC9;
			remoteInfo = Pawvision;
		};
		C875C84C2DE251AB000E7AC9 /* PBXContainerItemProxy */ = {
			isa = PBXContainerItemProxy;
			containerPortal = C875C82C2DE251A9000E7AC9 /* Project object */;
			proxyType = 1;
			remoteGlobalIDString = C875C8332DE251A9000E7AC9;
			remoteInfo = Pawvision;
		};
/* End PBXContainerItemProxy section */

/* Begin PBXFileReference section */
		C81D295D2DEBA83300193F82 /* Readme.md */ = {isa = PBXFileReference; lastKnownFileType = net.daringfireball.markdown; path = Readme.md; sourceTree = "<group>"; };
		C875C8342DE251A9000E7AC9 /* Pawvision.app */ = {isa = PBXFileReference; explicitFileType = wrapper.application; includeInIndex = 0; path = Pawvision.app; sourceTree = BUILT_PRODUCTS_DIR; };
		C875C8412DE251AB000E7AC9 /* PawvisionTests.xctest */ = {isa = PBXFileReference; explicitFileType = wrapper.cfbundle; includeInIndex = 0; path = PawvisionTests.xctest; sourceTree = BUILT_PRODUCTS_DIR; };
		C875C84B2DE251AB000E7AC9 /* PawvisionUITests.xctest */ = {isa = PBXFileReference; explicitFileType = wrapper.cfbundle; includeInIndex = 0; path = PawvisionUITests.xctest; sourceTree = BUILT_PRODUCTS_DIR; };
/* End PBXFileReference section */

/* Begin PBXFileSystemSynchronizedBuildFileExceptionSet section */
		C81D29542DE25F5E00193F82 /* Exceptions for "Pawvision" folder in "Pawvision" target */ = {
			isa = PBXFileSystemSynchronizedBuildFileExceptionSet;
			membershipExceptions = (
				Info.plist,
			);
			target = C875C8332DE251A9000E7AC9 /* Pawvision */;
		};
/* End PBXFileSystemSynchronizedBuildFileExceptionSet section */

/* Begin PBXFileSystemSynchronizedRootGroup section */
		C875C8362DE251A9000E7AC9 /* Pawvision */ = {
			isa = PBXFileSystemSynchronizedRootGroup;
			exceptions = (
				C81D29542DE25F5E00193F82 /* Exceptions for "Pawvision" folder in "Pawvision" target */,
			);
			path = Pawvision;
			sourceTree = "<group>";
		};
		C875C8442DE251AB000E7AC9 /* PawvisionTests */ = {
			isa = PBXFileSystemSynchronizedRootGroup;
			path = PawvisionTests;
			sourceTree = "<group>";
		};
		C875C84E2DE251AB000E7AC9 /* PawvisionUITests */ = {
			isa = PBXFileSystemSynchronizedRootGroup;
			path = PawvisionUITests;
			sourceTree = "<group>";
		};
/* End PBXFileSystemSynchronizedRootGroup section */

/* Begin PBXFrameworksBuildPhase section */
		C875C8312DE251A9000E7AC9 /* Frameworks */ = {
			isa = PBXFrameworksBuildPhase;
			buildActionMask = 2147483647;
			files = (
			);
			runOnlyForDeploymentPostprocessing = 0;
		};
		C875C83E2DE251AB000E7AC9 /* Frameworks */ = {
			isa = PBXFrameworksBuildPhase;
			buildActionMask = 2147483647;
			files = (
			);
			runOnlyForDeploymentPostprocessing = 0;
		};
		C875C8482DE251AB000E7AC9 /* Frameworks */ = {
			isa = PBXFrameworksBuildPhase;
			buildActionMask = 2147483647;
			files = (
			);
			runOnlyForDeploymentPostprocessing = 0;
		};
/* End PBXFrameworksBuildPhase section */

/* Begin PBXGroup section */
		C875C82B2DE251A9000E7AC9 = {
			isa = PBXGroup;
			children = (
				C81D295D2DEBA83300193F82 /* Readme.md */,
				C875C8362DE251A9000E7AC9 /* Pawvision */,
				C875C8442DE251AB000E7AC9 /* PawvisionTests */,
				C875C84E2DE251AB000E7AC9 /* PawvisionUITests */,
				C875C8352DE251A9000E7AC9 /* Products */,
			);
			sourceTree = "<group>";
		};
		C875C8352DE251A9000E7AC9 /* Products */ = {
			isa = PBXGroup;
			children = (
				C875C8342DE251A9000E7AC9 /* Pawvision.app */,
				C875C8412DE251AB000E7AC9 /* PawvisionTests.xctest */,
				C875C84B2DE251AB000E7AC9 /* PawvisionUITests.xctest */,
			);
			name = Products;
			sourceTree = "<group>";
		};
/* End PBXGroup section */

/* Begin PBXNativeTarget section */
		C875C8332DE251A9000E7AC9 /* Pawvision */ = {
			isa = PBXNativeTarget;
			buildConfigurationList = C875C8552DE251AB000E7AC9 /* Build configuration list for PBXNativeTarget "Pawvision" */;
			buildPhases = (
				C875C8302DE251A9000E7AC9 /* Sources */,
				C875C8312DE251A9000E7AC9 /* Frameworks */,
				C875C8322DE251A9000E7AC9 /* Resources */,
			);
			buildRules = (
			);
			dependencies = (
			);
			fileSystemSynchronizedGroups = (
				C875C8362DE251A9000E7AC9 /* Pawvision */,
			);
			name = Pawvision;
			packageProductDependencies = (
			);
			productName = Pawvision;
			productReference = C875C8342DE251A9000E7AC9 /* Pawvision.app */;
			productType = "com.apple.product-type.application";
		};
		C875C8402DE251AB000E7AC9 /* PawvisionTests */ = {
			isa = PBXNativeTarget;
			buildConfigurationList = C875C8582DE251AB000E7AC9 /* Build configuration list for PBXNativeTarget "PawvisionTests" */;
			buildPhases = (
				C875C83D2DE251AB000E7AC9 /* Sources */,
				C875C83E2DE251AB000E7AC9 /* Frameworks */,
				C875C83F2DE251AB000E7AC9 /* Resources */,
			);
			buildRules = (
			);
			dependencies = (
				C875C8432DE251AB000E7AC9 /* PBXTargetDependency */,
			);
			fileSystemSynchronizedGroups = (
				C875C8442DE251AB000E7AC9 /* PawvisionTests */,
			);
			name = PawvisionTests;
			packageProductDependencies = (
			);
			productName = PawvisionTests;
			productReference = C875C8412DE251AB000E7AC9 /* PawvisionTests.xctest */;
			productType = "com.apple.product-type.bundle.unit-test";
		};
		C875C84A2DE251AB000E7AC9 /* PawvisionUITests */ = {
			isa = PBXNativeTarget;
			buildConfigurationList = C875C85B2DE251AB000E7AC9 /* Build configuration list for PBXNativeTarget "PawvisionUITests" */;
			buildPhases = (
				C875C8472DE251AB000E7AC9 /* Sources */,
				C875C8482DE251AB000E7AC9 /* Frameworks */,
				C875C8492DE251AB000E7AC9 /* Resources */,
			);
			buildRules = (
			);
			dependencies = (
				C875C84D2DE251AB000E7AC9 /* PBXTargetDependency */,
			);
			fileSystemSynchronizedGroups = (
				C875C84E2DE251AB000E7AC9 /* PawvisionUITests */,
			);
			name = PawvisionUITests;
			packageProductDependencies = (
			);
			productName = PawvisionUITests;
			productReference = C875C84B2DE251AB000E7AC9 /* PawvisionUITests.xctest */;
			productType = "com.apple.product-type.bundle.ui-testing";
		};
/* End PBXNativeTarget section */

/* Begin PBXProject section */
		C875C82C2DE251A9000E7AC9 /* Project object */ = {
			isa = PBXProject;
			attributes = {
				BuildIndependentTargetsInParallel = 1;
				LastSwiftUpdateCheck = 1630;
				LastUpgradeCheck = 1630;
				TargetAttributes = {
					C875C8332DE251A9000E7AC9 = {
						CreatedOnToolsVersion = 16.3;
					};
					C875C8402DE251AB000E7AC9 = {
						CreatedOnToolsVersion = 16.3;
						TestTargetID = C875C8332DE251A9000E7AC9;
					};
					C875C84A2DE251AB000E7AC9 = {
						CreatedOnToolsVersion = 16.3;
						TestTargetID = C875C8332DE251A9000E7AC9;
					};
				};
			};
			buildConfigurationList = C875C82F2DE251A9000E7AC9 /* Build configuration list for PBXProject "Pawvision" */;
			developmentRegion = en;
			hasScannedForEncodings = 0;
			knownRegions = (
				en,
				Base,
			);
			mainGroup = C875C82B2DE251A9000E7AC9;
			minimizedProjectReferenceProxies = 1;
			preferredProjectObjectVersion = 77;
			productRefGroup = C875C8352DE251A9000E7AC9 /* Products */;
			projectDirPath = "";
			projectRoot = "";
			targets = (
				C875C8332DE251A9000E7AC9 /* Pawvision */,
				C875C8402DE251AB000E7AC9 /* PawvisionTests */,
				C875C84A2DE251AB000E7AC9 /* PawvisionUITests */,
			);
		};
/* End PBXProject section */

/* Begin PBXResourcesBuildPhase section */
		C875C8322DE251A9000E7AC9 /* Resources */ = {
			isa = PBXResourcesBuildPhase;
			buildActionMask = 2147483647;
			files = (
				C81D295E2DEBA84200193F82 /* Readme.md in Resources */,
			);
			runOnlyForDeploymentPostprocessing = 0;
		};
		C875C83F2DE251AB000E7AC9 /* Resources */ = {
			isa = PBXResourcesBuildPhase;
			buildActionMask = 2147483647;
			files = (
			);
			runOnlyForDeploymentPostprocessing = 0;
		};
		C875C8492DE251AB000E7AC9 /* Resources */ = {
			isa = PBXResourcesBuildPhase;
			buildActionMask = 2147483647;
			files = (
			);
			runOnlyForDeploymentPostprocessing = 0;
		};
/* End PBXResourcesBuildPhase section */

/* Begin PBXSourcesBuildPhase section */
		C875C8302DE251A9000E7AC9 /* Sources */ = {
			isa = PBXSourcesBuildPhase;
			buildActionMask = 2147483647;
			files = (
			);
			runOnlyForDeploymentPostprocessing = 0;
		};
		C875C83D2DE251AB000E7AC9 /* Sources */ = {
			isa = PBXSourcesBuildPhase;
			buildActionMask = 2147483647;
			files = (
			);
			runOnlyForDeploymentPostprocessing = 0;
		};
		C875C8472DE251AB000E7AC9 /* Sources */ = {
			isa = PBXSourcesBuildPhase;
			buildActionMask = 2147483647;
			files = (
			);
			runOnlyForDeploymentPostprocessing = 0;
		};
/* End PBXSourcesBuildPhase section */

/* Begin PBXTargetDependency section */
		C875C8432DE251AB000E7AC9 /* PBXTargetDependency */ = {
			isa = PBXTargetDependency;
			target = C875C8332DE251A9000E7AC9 /* Pawvision */;
			targetProxy = C875C8422DE251AB000E7AC9 /* PBXContainerItemProxy */;
		};
		C875C84D2DE251AB000E7AC9 /* PBXTargetDependency */ = {
			isa = PBXTargetDependency;
			target = C875C8332DE251A9000E7AC9 /* Pawvision */;
			targetProxy = C875C84C2DE251AB000E7AC9 /* PBXContainerItemProxy */;
		};
/* End PBXTargetDependency section */

/* Begin XCBuildConfiguration section */
		C875C8532DE251AB000E7AC9 /* Debug */ = {
			isa = XCBuildConfiguration;
			buildSettings = {
				ALWAYS_SEARCH_USER_PATHS = NO;
				ASSETCATALOG_COMPILER_GENERATE_SWIFT_ASSET_SYMBOL_EXTENSIONS = YES;
				CLANG_ANALYZER_NONNULL = YES;
				CLANG_ANALYZER_NUMBER_OBJECT_CONVERSION = YES_AGGRESSIVE;
				CLANG_CXX_LANGUAGE_STANDARD = "gnu++20";
				CLANG_ENABLE_MODULES = YES;
				CLANG_ENABLE_OBJC_ARC = YES;
				CLANG_ENABLE_OBJC_WEAK = YES;
				CLANG_WARN_BLOCK_CAPTURE_AUTORELEASING = YES;
				CLANG_WARN_BOOL_CONVERSION = YES;
				CLANG_WARN_COMMA = YES;
				CLANG_WARN_CONSTANT_CONVERSION = YES;
				CLANG_WARN_DEPRECATED_OBJC_IMPLEMENTATIONS = YES;
				CLANG_WARN_DIRECT_OBJC_ISA_USAGE = YES_ERROR;
				CLANG_WARN_DOCUMENTATION_COMMENTS = YES;
				CLANG_WARN_EMPTY_BODY = YES;
				CLANG_WARN_ENUM_CONVERSION = YES;
				CLANG_WARN_INFINITE_RECURSION = YES;
				CLANG_WARN_INT_CONVERSION = YES;
				CLANG_WARN_NON_LITERAL_NULL_CONVERSION = YES;
				CLANG_WARN_OBJC_IMPLICIT_RETAIN_SELF = YES;
				CLANG_WARN_OBJC_LITERAL_CONVERSION = YES;
				CLANG_WARN_OBJC_ROOT_CLASS = YES_ERROR;
				CLANG_WARN_QUOTED_INCLUDE_IN_FRAMEWORK_HEADER = YES;
				CLANG_WARN_RANGE_LOOP_ANALYSIS = YES;
				CLANG_WARN_STRICT_PROTOTYPES = YES;
				CLANG_WARN_SUSPICIOUS_MOVE = YES;
				CLANG_WARN_UNGUARDED_AVAILABILITY = YES_AGGRESSIVE;
				CLANG_WARN_UNREACHABLE_CODE = YES;
				CLANG_WARN__DUPLICATE_METHOD_MATCH = YES;
				COPY_PHASE_STRIP = NO;
				DEBUG_INFORMATION_FORMAT = dwarf;
				DEVELOPMENT_TEAM = M848TUBDQ7;
				ENABLE_STRICT_OBJC_MSGSEND = YES;
				ENABLE_TESTABILITY = YES;
				ENABLE_USER_SCRIPT_SANDBOXING = YES;
				GCC_C_LANGUAGE_STANDARD = gnu17;
				GCC_DYNAMIC_NO_PIC = NO;
				GCC_NO_COMMON_BLOCKS = YES;
				GCC_OPTIMIZATION_LEVEL = 0;
				GCC_PREPROCESSOR_DEFINITIONS = (
					"DEBUG=1",
					"$(inherited)",
				);
				GCC_WARN_64_TO_32_BIT_CONVERSION = YES;
				GCC_WARN_ABOUT_RETURN_TYPE = YES_ERROR;
				GCC_WARN_UNDECLARED_SELECTOR = YES;
				GCC_WARN_UNINITIALIZED_AUTOS = YES_AGGRESSIVE;
				GCC_WARN_UNUSED_FUNCTION = YES;
				GCC_WARN_UNUSED_VARIABLE = YES;
				IPHONEOS_DEPLOYMENT_TARGET = 18.4;
				LOCALIZATION_PREFERS_STRING_CATALOGS = YES;
				MTL_ENABLE_DEBUG_INFO = INCLUDE_SOURCE;
				MTL_FAST_MATH = YES;
				ONLY_ACTIVE_ARCH = YES;
				SDKROOT = iphoneos;
				SWIFT_ACTIVE_COMPILATION_CONDITIONS = "DEBUG $(inherited)";
				SWIFT_OPTIMIZATION_LEVEL = "-Onone";
			};
			name = Debug;
		};
		C875C8542DE251AB000E7AC9 /* Release */ = {
			isa = XCBuildConfiguration;
			buildSettings = {
				ALWAYS_SEARCH_USER_PATHS = NO;
				ASSETCATALOG_COMPILER_GENERATE_SWIFT_ASSET_SYMBOL_EXTENSIONS = YES;
				CLANG_ANALYZER_NONNULL = YES;
				CLANG_ANALYZER_NUMBER_OBJECT_CONVERSION = YES_AGGRESSIVE;
				CLANG_CXX_LANGUAGE_STANDARD = "gnu++20";
				CLANG_ENABLE_MODULES = YES;
				CLANG_ENABLE_OBJC_ARC = YES;
				CLANG_ENABLE_OBJC_WEAK = YES;
				CLANG_WARN_BLOCK_CAPTURE_AUTORELEASING = YES;
				CLANG_WARN_BOOL_CONVERSION = YES;
				CLANG_WARN_COMMA = YES;
				CLANG_WARN_CONSTANT_CONVERSION = YES;
				CLANG_WARN_DEPRECATED_OBJC_IMPLEMENTATIONS = YES;
				CLANG_WARN_DIRECT_OBJC_ISA_USAGE = YES_ERROR;
				CLANG_WARN_DOCUMENTATION_COMMENTS = YES;
				CLANG_WARN_EMPTY_BODY = YES;
				CLANG_WARN_ENUM_CONVERSION = YES;
				CLANG_WARN_INFINITE_RECURSION = YES;
				CLANG_WARN_INT_CONVERSION = YES;
				CLANG_WARN_NON_LITERAL_NULL_CONVERSION = YES;
				CLANG_WARN_OBJC_IMPLICIT_RETAIN_SELF = YES;
				CLANG_WARN_OBJC_LITERAL_CONVERSION = YES;
				CLANG_WARN_OBJC_ROOT_CLASS = YES_ERROR;
				CLANG_WARN_QUOTED_INCLUDE_IN_FRAMEWORK_HEADER = YES;
				CLANG_WARN_RANGE_LOOP_ANALYSIS = YES;
				CLANG_WARN_STRICT_PROTOTYPES = YES;
				CLANG_WARN_SUSPICIOUS_MOVE = YES;
				CLANG_WARN_UNGUARDED_AVAILABILITY = YES_AGGRESSIVE;
				CLANG_WARN_UNREACHABLE_CODE = YES;
				CLANG_WARN__DUPLICATE_METHOD_MATCH = YES;
				COPY_PHASE_STRIP = NO;
				DEBUG_INFORMATION_FORMAT = "dwarf-with-dsym";
				DEVELOPMENT_TEAM = M848TUBDQ7;
				ENABLE_NS_ASSERTIONS = NO;
				ENABLE_STRICT_OBJC_MSGSEND = YES;
				ENABLE_USER_SCRIPT_SANDBOXING = YES;
				GCC_C_LANGUAGE_STANDARD = gnu17;
				GCC_NO_COMMON_BLOCKS = YES;
				GCC_WARN_64_TO_32_BIT_CONVERSION = YES;
				GCC_WARN_ABOUT_RETURN_TYPE = YES_ERROR;
				GCC_WARN_UNDECLARED_SELECTOR = YES;
				GCC_WARN_UNINITIALIZED_AUTOS = YES_AGGRESSIVE;
				GCC_WARN_UNUSED_FUNCTION = YES;
				GCC_WARN_UNUSED_VARIABLE = YES;
				IPHONEOS_DEPLOYMENT_TARGET = 18.4;
				LOCALIZATION_PREFERS_STRING_CATALOGS = YES;
				MTL_ENABLE_DEBUG_INFO = NO;
				MTL_FAST_MATH = YES;
				SDKROOT = iphoneos;
				SWIFT_COMPILATION_MODE = wholemodule;
				VALIDATE_PRODUCT = YES;
			};
			name = Release;
		};
		C875C8562DE251AB000E7AC9 /* Debug */ = {
			isa = XCBuildConfiguration;
			buildSettings = {
				ASSETCATALOG_COMPILER_APPICON_NAME = AppIcon;
				ASSETCATALOG_COMPILER_GLOBAL_ACCENT_COLOR_NAME = AccentColor;
				CODE_SIGN_STYLE = Automatic;
				CURRENT_PROJECT_VERSION = 1;
				DEVELOPMENT_TEAM = M848TUBDQ7;
				ENABLE_PREVIEWS = YES;
				GENERATE_INFOPLIST_FILE = NO;
				INFOPLIST_FILE = Pawvision/Info.plist;
				INFOPLIST_KEY_UIApplicationSceneManifest_Generation = YES;
				INFOPLIST_KEY_UIApplicationSupportsIndirectInputEvents = YES;
				INFOPLIST_KEY_UILaunchScreen_Generation = YES;
				INFOPLIST_KEY_UISupportedInterfaceOrientations_iPad = "UIInterfaceOrientationPortrait UIInterfaceOrientationPortraitUpsideDown UIInterfaceOrientationLandscapeLeft UIInterfaceOrientationLandscapeRight";
				INFOPLIST_KEY_UISupportedInterfaceOrientations_iPhone = "UIInterfaceOrientationPortrait UIInterfaceOrientationLandscapeLeft UIInterfaceOrientationLandscapeRight";
				LD_RUNPATH_SEARCH_PATHS = (
					"$(inherited)",
					"@executable_path/Frameworks",
				);
				MARKETING_VERSION = 1.0;
				PRODUCT_BUNDLE_IDENTIFIER = info.vikrant.Pawvision;
				PRODUCT_NAME = "$(TARGET_NAME)";
				SWIFT_EMIT_LOC_STRINGS = YES;
				SWIFT_VERSION = 5.0;
				TARGETED_DEVICE_FAMILY = "1,2";
			};
			name = Debug;
		};
		C875C8572DE251AB000E7AC9 /* Release */ = {
			isa = XCBuildConfiguration;
			buildSettings = {
				ASSETCATALOG_COMPILER_APPICON_NAME = AppIcon;
				ASSETCATALOG_COMPILER_GLOBAL_ACCENT_COLOR_NAME = AccentColor;
				CODE_SIGN_STYLE = Automatic;
				CURRENT_PROJECT_VERSION = 1;
				DEVELOPMENT_TEAM = M848TUBDQ7;
				ENABLE_PREVIEWS = YES;
				GENERATE_INFOPLIST_FILE = NO;
				INFOPLIST_FILE = Pawvision/Info.plist;
				INFOPLIST_KEY_UIApplicationSceneManifest_Generation = YES;
				INFOPLIST_KEY_UIApplicationSupportsIndirectInputEvents = YES;
				INFOPLIST_KEY_UILaunchScreen_Generation = YES;
				INFOPLIST_KEY_UISupportedInterfaceOrientations_iPad = "UIInterfaceOrientationPortrait UIInterfaceOrientationPortraitUpsideDown UIInterfaceOrientationLandscapeLeft UIInterfaceOrientationLandscapeRight";
				INFOPLIST_KEY_UISupportedInterfaceOrientations_iPhone = "UIInterfaceOrientationPortrait UIInterfaceOrientationLandscapeLeft UIInterfaceOrientationLandscapeRight";
				LD_RUNPATH_SEARCH_PATHS = (
					"$(inherited)",
					"@executable_path/Frameworks",
				);
				MARKETING_VERSION = 1.0;
				PRODUCT_BUNDLE_IDENTIFIER = info.vikrant.Pawvision;
				PRODUCT_NAME = "$(TARGET_NAME)";
				SWIFT_EMIT_LOC_STRINGS = YES;
				SWIFT_VERSION = 5.0;
				TARGETED_DEVICE_FAMILY = "1,2";
			};
			name = Release;
		};
		C875C8592DE251AB000E7AC9 /* Debug */ = {
			isa = XCBuildConfiguration;
			buildSettings = {
				BUNDLE_LOADER = "$(TEST_HOST)";
				CODE_SIGN_STYLE = Automatic;
				CURRENT_PROJECT_VERSION = 1;
				DEVELOPMENT_TEAM = M848TUBDQ7;
				GENERATE_INFOPLIST_FILE = YES;
				IPHONEOS_DEPLOYMENT_TARGET = 18.4;
				MARKETING_VERSION = 1.0;
				PRODUCT_BUNDLE_IDENTIFIER = info.vikrant.PawvisionTests;
				PRODUCT_NAME = "$(TARGET_NAME)";
				SWIFT_EMIT_LOC_STRINGS = NO;
				SWIFT_VERSION = 5.0;
				TARGETED_DEVICE_FAMILY = "1,2";
				TEST_HOST = "$(BUILT_PRODUCTS_DIR)/Pawvision.app/$(BUNDLE_EXECUTABLE_FOLDER_PATH)/Pawvision";
			};
			name = Debug;
		};
		C875C85A2DE251AB000E7AC9 /* Release */ = {
			isa = XCBuildConfiguration;
			buildSettings = {
				BUNDLE_LOADER = "$(TEST_HOST)";
				CODE_SIGN_STYLE = Automatic;
				CURRENT_PROJECT_VERSION = 1;
				DEVELOPMENT_TEAM = M848TUBDQ7;
				GENERATE_INFOPLIST_FILE = YES;
				IPHONEOS_DEPLOYMENT_TARGET = 18.4;
				MARKETING_VERSION = 1.0;
				PRODUCT_BUNDLE_IDENTIFIER = info.vikrant.PawvisionTests;
				PRODUCT_NAME = "$(TARGET_NAME)";
				SWIFT_EMIT_LOC_STRINGS = NO;
				SWIFT_VERSION = 5.0;
				TARGETED_DEVICE_FAMILY = "1,2";
				TEST_HOST = "$(BUILT_PRODUCTS_DIR)/Pawvision.app/$(BUNDLE_EXECUTABLE_FOLDER_PATH)/Pawvision";
			};
			name = Release;
		};
		C875C85C2DE251AB000E7AC9 /* Debug */ = {
			isa = XCBuildConfiguration;
			buildSettings = {
				CODE_SIGN_STYLE = Automatic;
				CURRENT_PROJECT_VERSION = 1;
				DEVELOPMENT_TEAM = M848TUBDQ7;
				GENERATE_INFOPLIST_FILE = YES;
				MARKETING_VERSION = 1.0;
				PRODUCT_BUNDLE_IDENTIFIER = info.vikrant.PawvisionUITests;
				PRODUCT_NAME = "$(TARGET_NAME)";
				SWIFT_EMIT_LOC_STRINGS = NO;
				SWIFT_VERSION = 5.0;
				TARGETED_DEVICE_FAMILY = "1,2";
				TEST_TARGET_NAME = Pawvision;
			};
			name = Debug;
		};
		C875C85D2DE251AB000E7AC9 /* Release */ = {
			isa = XCBuildConfiguration;
			buildSettings = {
				CODE_SIGN_STYLE = Automatic;
				CURRENT_PROJECT_VERSION = 1;
				DEVELOPMENT_TEAM = M848TUBDQ7;
				GENERATE_INFOPLIST_FILE = YES;
				MARKETING_VERSION = 1.0;
				PRODUCT_BUNDLE_IDENTIFIER = info.vikrant.PawvisionUITests;
				PRODUCT_NAME = "$(TARGET_NAME)";
				SWIFT_EMIT_LOC_STRINGS = NO;
				SWIFT_VERSION = 5.0;
				TARGETED_DEVICE_FAMILY = "1,2";
				TEST_TARGET_NAME = Pawvision;
			};
			name = Release;
		};
/* End XCBuildConfiguration section */

/* Begin XCConfigurationList section */
		C875C82F2DE251A9000E7AC9 /* Build configuration list for PBXProject "Pawvision" */ = {
			isa = XCConfigurationList;
			buildConfigurations = (
				C875C8532DE251AB000E7AC9 /* Debug */,
				C875C8542DE251AB000E7AC9 /* Release */,
			);
			defaultConfigurationIsVisible = 0;
			defaultConfigurationName = Release;
		};
		C875C8552DE251AB000E7AC9 /* Build configuration list for PBXNativeTarget "Pawvision" */ = {
			isa = XCConfigurationList;
			buildConfigurations = (
				C875C8562DE251AB000E7AC9 /* Debug */,
				C875C8572DE251AB000E7AC9 /* Release */,
			);
			defaultConfigurationIsVisible = 0;
			defaultConfigurationName = Release;
		};
		C875C8582DE251AB000E7AC9 /* Build configuration list for PBXNativeTarget "PawvisionTests" */ = {
			isa = XCConfigurationList;
			buildConfigurations = (
				C875C8592DE251AB000E7AC9 /* Debug */,
				C875C85A2DE251AB000E7AC9 /* Release */,
			);
			defaultConfigurationIsVisible = 0;
			defaultConfigurationName = Release;
		};
		C875C85B2DE251AB000E7AC9 /* Build configuration list for PBXNativeTarget "PawvisionUITests" */ = {
			isa = XCConfigurationList;
			buildConfigurations = (
				C875C85C2DE251AB000E7AC9 /* Debug */,
				C875C85D2DE251AB000E7AC9 /* Release */,
			);
			defaultConfigurationIsVisible = 0;
			defaultConfigurationName = Release;
		};
/* End XCConfigurationList section */
	};
	rootObject = C875C82C2DE251A9000E7AC9 /* Project object */;
}
